dependencies:
  espp/base_component:
    component_hash: 5651445974f90d0686116afaec12615f1552632713cbc194bb984062799c3350
    dependencies:
    - name: espp/logger
      registry_url: https://components.espressif.com
      require: private
      version: '>=1.0'
    - name: idf
      require: private
      version: '>=5.0'
    source:
      registry_url: https://components.espressif.com
      type: service
    version: 1.2.0
  espp/base_peripheral:
    component_hash: 16772a02f5cd2f5521c0a1c2fe2724c57076ac12d42f843dc9ffdc501601affa
    dependencies:
    - name: espp/base_component
      registry_url: https://components.espressif.com
      require: private
      version: '>=1.0'
    - name: idf
      require: private
      version: '>=5.0'
    source:
      registry_url: https://components.espressif.com
      type: service
    version: 1.2.0
  espp/cli:
    component_hash: 495bd10e340b1be69889cad02b7ad5113fac403b6afd14ed35b41d8fea78a3d7
    dependencies:
    - name: espp/logger
      registry_url: https://components.espressif.com
      require: private
      version: '>=1.0'
    - name: idf
      require: private
      version: '>=5.0'
    source:
      registry_url: https://components.espressif.com
      type: service
    version: 1.2.0
  espp/filters:
    component_hash: 5ea654ccdc7118bd4b6881f7b8f6d7315da58dcd14e5ab515189d68d41483d2c
    dependencies:
    - name: espp/format
      registry_url: https://components.espressif.com
      require: private
      version: '>=1.0'
    - name: espp/math
      registry_url: https://components.espressif.com
      require: private
      version: '>=1.0'
    - name: espressif/esp-dsp
      registry_url: https://components.espressif.com
      require: private
      version: '>=1.6.4'
    - name: idf
      require: private
      version: '>=5.0'
    source:
      registry_url: https://components.espressif.com/
      type: service
    version: 1.2.0
  espp/format:
    component_hash: 6fac1268bda6124e276943c8c85d406b8142b99ffcfab2025d313119315004a8
    dependencies:
    - name: idf
      require: private
      version: '>=5.0'
    source:
      registry_url: https://components.espressif.com
      type: service
    version: 1.2.0
  espp/i2c:
    component_hash: ba2a26a1003e4f65be7ff2576c155f23458d2a53a6a2330bcd5564346abd3724
    dependencies:
    - name: espp/base_component
      registry_url: https://components.espressif.com
      require: private
      version: '>=1.0'
    - name: espp/cli
      registry_url: https://components.espressif.com
      require: private
      version: '>=1.0'
    - name: espp/task
      registry_url: https://components.espressif.com
      require: private
      version: '>=1.0'
    - name: idf
      require: private
      version: '>=5.0'
    source:
      registry_url: https://components.espressif.com/
      type: service
    version: 1.2.0
  espp/icm20948:
    component_hash: 71a48c8a4cecbbad0f2f6ddbd0acf48de2006e6ddd189134a2261a80d4d28bef
    dependencies:
    - name: espp/base_peripheral
      registry_url: https://components.espressif.com
      require: private
      version: '>=1.0'
    - name: espp/math
      registry_url: https://components.espressif.com
      require: private
      version: '>=1.0'
    - name: espp/utils
      registry_url: https://components.espressif.com
      require: private
      version: '>=1.0'
    - name: idf
      require: private
      version: '>=5.0'
    source:
      registry_url: https://components.espressif.com/
      type: service
    version: 1.2.0
  espp/logger:
    component_hash: 061e900870fecd8e9ce74f47dbc0fed541a993eed9e4d7d7835d4d6506ba1d23
    dependencies:
    - name: espp/format
      registry_url: https://components.espressif.com
      require: private
      version: '>=1.0'
    - name: idf
      require: private
      version: '>=5.0'
    source:
      registry_url: https://components.espressif.com
      type: service
    version: 1.2.0
  espp/math:
    component_hash: 34da2b7150e5b89baa0c1757afc9bd2d0d6f8ad09a1c62196386e7fc039fc6a0
    dependencies:
    - name: espp/format
      registry_url: https://components.espressif.com
      require: private
      version: '>=1.0'
    - name: idf
      require: private
      version: '>=5.0'
    source:
      registry_url: https://components.espressif.com
      type: service
    version: 1.2.0
  espp/task:
    component_hash: 9de5b542f07568a6dbd17daf85f8f8b1927dc366a9912b07a1c0cec40e74cb83
    dependencies:
    - name: espp/base_component
      registry_url: https://components.espressif.com
      require: private
      version: '>=1.0'
    - name: idf
      require: private
      version: '>=5.0'
    source:
      registry_url: https://components.espressif.com
      type: service
    version: 1.2.0
  espp/utils:
    component_hash: 7830b71ba07862838a1290cc0abe0717bcaee710a744ae1a02b9befb865e4267
    dependencies:
    - name: idf
      require: private
      version: '>=5.0'
    source:
      registry_url: https://components.espressif.com
      type: service
    version: 1.2.0
  espressif/esp-dsp:
    component_hash: ed9ac175b14e0414399a2b33c525579414b5bad19a2a67b12ea212def96f9a98
    dependencies:
    - name: idf
      require: private
      version: '>=4.2'
    source:
      registry_url: https://components.espressif.com
      type: service
    version: 1.8.2
  idf:
    source:
      type: idf
    version: 6.0.0
direct_dependencies:
- espp/filters
- espp/i2c
- espp/icm20948
manifest_hash: 8bdbbc6ffb78bb133dfa98c6c545b4ae0ab51b6ee9d78ab9ef667ecdbd401930
target: esp32
version: 2.0.0
